// !$*UTF8*$!
{
	archiveVersion = 1;
	classes = {
	};
	objectVersion = 46;
	objects = {

/* Begin PBXBuildFile section */
		6DB12ED91C0F0571003D38C3 /* AppDelegate.swift in Sources */ = {isa = PBXBuildFile; fileRef = 6DB12ED81C0F0571003D38C3 /* AppDelegate.swift */; };
		6DB12EDB1C0F0571003D38C3 /* ViewController.swift in Sources */ = {isa = PBXBuildFile; fileRef = 6DB12EDA1C0F0571003D38C3 /* ViewController.swift */; };
		6DB12EDE1C0F0571003D38C3 /* Main.storyboard in Resources */ = {isa = PBXBuildFile; fileRef = 6DB12EDC1C0F0571003D38C3 /* Main.storyboard */; };
		6DB12EE01C0F0571003D38C3 /* Assets.xcassets in Resources */ = {isa = PBXBuildFile; fileRef = 6DB12EDF1C0F0571003D38C3 /* Assets.xcassets */; };
		6DB12EE31C0F0571003D38C3 /* LaunchScreen.storyboard in Resources */ = {isa = PBXBuildFile; fileRef = 6DB12EE11C0F0571003D38C3 /* LaunchScreen.storyboard */; };
		6DB12EEE1C0F0571003D38C3 /* Button_FunTests.swift in Sources */ = {isa = PBXBuildFile; fileRef = 6DB12EED1C0F0571003D38C3 /* Button_FunTests.swift */; };
/* End PBXBuildFile section */

/* Begin PBXContainerItemProxy section */
		6DB12EEA1C0F0571003D38C3 /* PBXContainerItemProxy */ = {
			isa = PBXContainerItemProxy;
			containerPortal = 6DB12ECD1C0F0571003D38C3 /* Project object */;
			proxyType = 1;
			remoteGlobalIDString = 6DB12ED41C0F0571003D38C3;
			remoteInfo = "Button Fun";
		};
/* End PBXContainerItemProxy section */

/* Begin PBXFileReference section */
		6DB12ED51C0F0571003D38C3 /* Button Fun.app */ = {isa = PBXFileReference; explicitFileType = wrapper.application; includeInIndex = 0; path = "Button Fun.app"; sourceTree = BUILT_PRODUCTS_DIR; };
		6DB12ED81C0F0571003D38C3 /* AppDelegate.swift */ = {isa = PBXFileReference; lastKnownFileType = sourcecode.swift; path = AppDelegate.swift; sourceTree = "<group>"; };
		6DB12EDA1C0F0571003D38C3 /* ViewController.swift */ = {isa = PBXFileReference; lastKnownFileType = sourcecode.swift; path = ViewController.swift; sourceTree = "<group>"; };
		6DB12EDD1C0F0571003D38C3 /* Base */ = {isa = PBXFileReference; lastKnownFileType = file.storyboard; name = Base; path = Base.lproj/Main.storyboard; sourceTree = "<group>"; };
		6DB12EDF1C0F0571003D38C3 /* Assets.xcassets */ = {isa = PBXFileReference; lastKnownFileType = folder.assetcatalog; path = Assets.xcassets; sourceTree = "<group>"; };
		6DB12EE21C0F0571003D38C3 /* Base */ = {isa = PBXFileReference; lastKnownFileType = file.storyboard; name = Base; path = Base.lproj/LaunchScreen.storyboard; sourceTree = "<group>"; };
		6DB12EE41C0F0571003D38C3 /* Info.plist */ = {isa = PBXFileReference; lastKnownFileType = text.plist.xml; path = Info.plist; sourceTree = "<group>"; };
		6DB12EE91C0F0571003D38C3 /* Button FunTests.xctest */ = {isa = PBXFileReference; explicitFileType = wrapper.cfbundle; includeInIndex = 0; path = "Button FunTests.xctest"; sourceTree = BUILT_PRODUCTS_DIR; };
		6DB12EED1C0F0571003D38C3 /* Button_FunTests.swift */ = {isa = PBXFileReference; lastKnownFileType = sourcecode.swift; path = Button_FunTests.swift; sourceTree = "<group>"; };
		6DB12EEF1C0F0571003D38C3 /* Info.plist */ = {isa = PBXFileReference; lastKnownFileType = text.plist.xml; path = Info.plist; sourceTree = "<group>"; };
/* End PBXFileReference section */

/* Begin PBXFrameworksBuildPhase section */
		6DB12ED21C0F0571003D38C3 /* Frameworks */ = {
			isa = PBXFrameworksBuildPhase;
			buildActionMask = 2147483647;
			files = (
			);
			runOnlyForDeploymentPostprocessing = 0;
		};
		6DB12EE61C0F0571003D38C3 /* Frameworks */ = {
			isa = PBXFrameworksBuildPhase;
			buildActionMask = 2147483647;
			files = (
			);
			runOnlyForDeploymentPostprocessing = 0;
		};
/* End PBXFrameworksBuildPhase section */

/* Begin PBXGroup section */
		6DB12ECC1C0F0571003D38C3 = {
			isa = PBXGroup;
			children = (
				6DB12ED71C0F0571003D38C3 /* Button Fun */,
				6DB12EEC1C0F0571003D38C3 /* Button FunTests */,
				6DB12ED61C0F0571003D38C3 /* Products */,
			);
			sourceTree = "<group>";
		};
		6DB12ED61C0F0571003D38C3 /* Products */ = {
			isa = PBXGroup;
			children = (
				6DB12ED51C0F0571003D38C3 /* Button Fun.app */,
				6DB12EE91C0F0571003D38C3 /* Button FunTests.xctest */,
			);
			name = Products;
			sourceTree = "<group>";
		};
		6DB12ED71C0F0571003D38C3 /* Button Fun */ = {
			isa = PBXGroup;
			children = (
				6DB12ED81C0F0571003D38C3 /* AppDelegate.swift */,
				6DB12EDA1C0F0571003D38C3 /* ViewController.swift */,
				6DB12EDC1C0F0571003D38C3 /* Main.storyboard */,
				6DB12EDF1C0F0571003D38C3 /* Assets.xcassets */,
				6DB12EE11C0F0571003D38C3 /* LaunchScreen.storyboard */,
				6DB12EE41C0F0571003D38C3 /* Info.plist */,
			);
			path = "Button Fun";
			sourceTree = "<group>";
		};
		6DB12EEC1C0F0571003D38C3 /* Button FunTests */ = {
			isa = PBXGroup;
			children = (
				6DB12EED1C0F0571003D38C3 /* Button_FunTests.swift */,
				6DB12EEF1C0F0571003D38C3 /* Info.plist */,
			);
			path = "Button FunTests";
			sourceTree = "<group>";
		};
/* End PBXGroup section */

/* Begin PBXNativeTarget section */
		6DB12ED41C0F0571003D38C3 /* Button Fun */ = {
			isa = PBXNativeTarget;
			buildConfigurationList = 6DB12EF21C0F0571003D38C3 /* Build configuration list for PBXNativeTarget "Button Fun" */;
			buildPhases = (
				6DB12ED11C0F0571003D38C3 /* Sources */,
				6DB12ED21C0F0571003D38C3 /* Frameworks */,
				6DB12ED31C0F0571003D38C3 /* Resources */,
			);
			buildRules = (
			);
			dependencies = (
			);
			name = "Button Fun";
			productName = "Button Fun";
			productReference = 6DB12ED51C0F0571003D38C3 /* Button Fun.app */;
			productType = "com.apple.product-type.application";
		};
		6DB12EE81C0F0571003D38C3 /* Button FunTests */ = {
			isa = PBXNativeTarget;
			buildConfigurationList = 6DB12EF51C0F0571003D38C3 /* Build configuration list for PBXNativeTarget "Button FunTests" */;
			buildPhases = (
				6DB12EE51C0F0571003D38C3 /* Sources */,
				6DB12EE61C0F0571003D38C3 /* Frameworks */,
				6DB12EE71C0F0571003D38C3 /* Resources */,
			);
			buildRules = (
			);
			dependencies = (
				6DB12EEB1C0F0571003D38C3 /* PBXTargetDependency */,
			);
			name = "Button FunTests";
			productName = "Button FunTests";
			productReference = 6DB12EE91C0F0571003D38C3 /* Button FunTests.xctest */;
			productType = "com.apple.product-type.bundle.unit-test";
		};
/* End PBXNativeTarget section */

/* Begin PBXProject section */
		6DB12ECD1C0F0571003D38C3 /* Project object */ = {
			isa = PBXProject;
			attributes = {
				LastSwiftUpdateCheck = 0710;
				LastUpgradeCheck = 0710;
				ORGANIZATIONNAME = ldj;
				TargetAttributes = {
					6DB12ED41C0F0571003D38C3 = {
						CreatedOnToolsVersion = 7.1;
						DevelopmentTeam = 6B7V5AG4SP;
					};
					6DB12EE81C0F0571003D38C3 = {
						CreatedOnToolsVersion = 7.1;
						DevelopmentTeam = 6B7V5AG4SP;
						TestTargetID = 6DB12ED41C0F0571003D38C3;
					};
				};
			};
			buildConfigurationList = 6DB12ED01C0F0571003D38C3 /* Build configuration list for PBXProject "Button Fun" */;
			compatibilityVersion = "Xcode 3.2";
			developmentRegion = English;
			hasScannedForEncodings = 0;
			knownRegions = (
				en,
				Base,
			);
			mainGroup = 6DB12ECC1C0F0571003D38C3;
			productRefGroup = 6DB12ED61C0F0571003D38C3 /* Products */;
			projectDirPath = "";
			projectRoot = "";
			targets = (
				6DB12ED41C0F0571003D38C3 /* Button Fun */,
				6DB12EE81C0F0571003D38C3 /* Button FunTests */,
			);
		};
/* End PBXProject section */

/* Begin PBXResourcesBuildPhase section */
		6DB12ED31C0F0571003D38C3 /* Resources */ = {
			isa = PBXResourcesBuildPhase;
			buildActionMask = 2147483647;
			files = (
				6DB12EE31C0F0571003D38C3 /* LaunchScreen.storyboard in Resources */,
				6DB12EE01C0F0571003D38C3 /* Assets.xcassets in Resources */,
				6DB12EDE1C0F0571003D38C3 /* Main.storyboard in Resources */,
			);
			runOnlyForDeploymentPostprocessing = 0;
		};
		6DB12EE71C0F0571003D38C3 /* Resources */ = {
			isa = PBXResourcesBuildPhase;
			buildActionMask = 2147483647;
			files = (
			);
			runOnlyForDeploymentPostprocessing = 0;
		};
/* End PBXResourcesBuildPhase section */

/* Begin PBXSourcesBuildPhase section */
		6DB12ED11C0F0571003D38C3 /* Sources */ = {
			isa = PBXSourcesBuildPhase;
			buildActionMask = 2147483647;
			files = (
				6DB12EDB1C0F0571003D38C3 /* ViewController.swift in Sources */,
				6DB12ED91C0F0571003D38C3 /* AppDelegate.swift in Sources */,
			);
			runOnlyForDeploymentPostprocessing = 0;
		};
		6DB12EE51C0F0571003D38C3 /* Sources */ = {
			isa = PBXSourcesBuildPhase;
			buildActionMask = 2147483647;
			files = (
				6DB12EEE1C0F0571003D38C3 /* Button_FunTests.swift in Sources */,
			);
			runOnlyForDeploymentPostprocessing = 0;
		};
/* End PBXSourcesBuildPhase section */

/* Begin PBXTargetDependency section */
		6DB12EEB1C0F0571003D38C3 /* PBXTargetDependency */ = {
			isa = PBXTargetDependency;
			target = 6DB12ED41C0F0571003D38C3 /* Button Fun */;
			targetProxy = 6DB12EEA1C0F0571003D38C3 /* PBXContainerItemProxy */;
		};
/* End PBXTargetDependency section */

/* Begin PBXVariantGroup section */
		6DB12EDC1C0F0571003D38C3 /* Main.storyboard */ = {
			isa = PBXVariantGroup;
			children = (
				6DB12EDD1C0F0571003D38C3 /* Base */,
			);
			name = Main.storyboard;
			sourceTree = "<group>";
		};
		6DB12EE11C0F0571003D38C3 /* LaunchScreen.storyboard */ = {
			isa = PBXVariantGroup;
			children = (
				6DB12EE21C0F0571003D38C3 /* Base */,
			);
			name = LaunchScreen.storyboard;
			sourceTree = "<group>";
		};
/* End PBXVariantGroup section */

/* Begin XCBuildConfiguration section */
		6DB12EF01C0F0571003D38C3 /* Debug */ = {
			isa = XCBuildConfiguration;
			buildSettings = {
				ALWAYS_SEARCH_USER_PATHS = NO;
				CLANG_CXX_LANGUAGE_STANDARD = "gnu++0x";
				CLANG_CXX_LIBRARY = "libc++";
				CLANG_ENABLE_MODULES = YES;
				CLANG_ENABLE_OBJC_ARC = YES;
				CLANG_WARN_BOOL_CONVERSION = YES;
				CLANG_WARN_CONSTANT_CONVERSION = YES;
				CLANG_WARN_DIRECT_OBJC_ISA_USAGE = YES_ERROR;
				CLANG_WARN_EMPTY_BODY = YES;
				CLANG_WARN_ENUM_CONVERSION = YES;
				CLANG_WARN_INT_CONVERSION = YES;
				CLANG_WARN_OBJC_ROOT_CLASS = YES_ERROR;
				CLANG_WARN_UNREACHABLE_CODE = YES;
				CLANG_WARN__DUPLICATE_METHOD_MATCH = YES;
				"CODE_SIGN_IDENTITY[sdk=iphoneos*]" = "iPhone Developer";
				COPY_PHASE_STRIP = NO;
				DEBUG_INFORMATION_FORMAT = dwarf;
				ENABLE_STRICT_OBJC_MSGSEND = YES;
				ENABLE_TESTABILITY = YES;
				GCC_C_LANGUAGE_STANDARD = gnu99;
				GCC_DYNAMIC_NO_PIC = NO;
				GCC_NO_COMMON_BLOCKS = YES;
				GCC_OPTIMIZATION_LEVEL = 0;
				GCC_PREPROCESSOR_DEFINITIONS = (
					"DEBUG=1",
					"$(inherited)",
				);
				GCC_WARN_64_TO_32_BIT_CONVERSION = YES;
				GCC_WARN_ABOUT_RETURN_TYPE = YES_ERROR;
				GCC_WARN_UNDECLARED_SELECTOR = YES;
				GCC_WARN_UNINITIALIZED_AUTOS = YES_AGGRESSIVE;
				GCC_WARN_UNUSED_FUNCTION = YES;
				GCC_WARN_UNUSED_VARIABLE = YES;
				IPHONEOS_DEPLOYMENT_TARGET = 9.1;
				MTL_ENABLE_DEBUG_INFO = YES;
				ONLY_ACTIVE_ARCH = YES;
				SDKROOT = iphoneos;
				SWIFT_OPTIMIZATION_LEVEL = "-Onone";
			};
			name = Debug;
		};
		6DB12EF11C0F0571003D38C3 /* Release */ = {
			isa = XCBuildConfiguration;
			buildSettings = {
				ALWAYS_SEARCH_USER_PATHS = NO;
				CLANG_CXX_LANGUAGE_STANDARD = "gnu++0x";
				CLANG_CXX_LIBRARY = "libc++";
				CLANG_ENABLE_MODULES = YES;
				CLANG_ENABLE_OBJC_ARC = YES;
				CLANG_WARN_BOOL_CONVERSION = YES;
				CLANG_WARN_CONSTANT_CONVERSION = YES;
				CLANG_WARN_DIRECT_OBJC_ISA_USAGE = YES_ERROR;
				CLANG_WARN_EMPTY_BODY = YES;
				CLANG_WARN_ENUM_CONVERSION = YES;
				CLANG_WARN_INT_CONVERSION = YES;
				CLANG_WARN_OBJC_ROOT_CLASS = YES_ERROR;
				CLANG_WARN_UNREACHABLE_CODE = YES;
				CLANG_WARN__DUPLICATE_METHOD_MATCH = YES;
				"CODE_SIGN_IDENTITY[sdk=iphoneos*]" = "iPhone Developer";
				COPY_PHASE_STRIP = NO;
				DEBUG_INFORMATION_FORMAT = "dwarf-with-dsym";
				ENABLE_NS_ASSERTIONS = NO;
				ENABLE_STRICT_OBJC_MSGSEND = YES;
				GCC_C_LANGUAGE_STANDARD = gnu99;
				GCC_NO_COMMON_BLOCKS = YES;
				GCC_WARN_64_TO_32_BIT_CONVERSION = YES;
				GCC_WARN_ABOUT_RETURN_TYPE = YES_ERROR;
				GCC_WARN_UNDECLARED_SELECTOR = YES;
				GCC_WARN_UNINITIALIZED_AUTOS = YES_AGGRESSIVE;
				GCC_WARN_UNUSED_FUNCTION = YES;
				GCC_WARN_UNUSED_VARIABLE = YES;
				IPHONEOS_DEPLOYMENT_TARGET = 9.1;
				MTL_ENABLE_DEBUG_INFO = NO;
				SDKROOT = iphoneos;
				VALIDATE_PRODUCT = YES;
			};
			name = Release;
		};
		6DB12EF31C0F0571003D38C3 /* Debug */ = {
			isa = XCBuildConfiguration;
			buildSettings = {
				ASSETCATALOG_COMPILER_APPICON_NAME = AppIcon;
				INFOPLIST_FILE = "Button Fun/Info.plist";
				LD_RUNPATH_SEARCH_PATHS = "$(inherited) @executable_path/Frameworks";
				PRODUCT_BUNDLE_IDENTIFIER = "com.ldj.Button-Fun";
				PRODUCT_NAME = "$(TARGET_NAME)";
			};
			name = Debug;
		};
		6DB12EF41C0F0571003D38C3 /* Release */ = {
			isa = XCBuildConfiguration;
			buildSettings = {
				ASSETCATALOG_COMPILER_APPICON_NAME = AppIcon;
				INFOPLIST_FILE = "Button Fun/Info.plist";
				LD_RUNPATH_SEARCH_PATHS = "$(inherited) @executable_path/Frameworks";
				PRODUCT_BUNDLE_IDENTIFIER = "com.ldj.Button-Fun";
				PRODUCT_NAME = "$(TARGET_NAME)";
			};
			name = Release;
		};
		6DB12EF61C0F0571003D38C3 /* Debug */ = {
			isa = XCBuildConfiguration;
			buildSettings = {
				BUNDLE_LOADER = "$(TEST_HOST)";
				INFOPLIST_FILE = "Button FunTests/Info.plist";
				LD_RUNPATH_SEARCH_PATHS = "$(inherited) @executable_path/Frameworks @loader_path/Frameworks";
				PRODUCT_BUNDLE_IDENTIFIER = "com.ldj.Button-FunTests";
				PRODUCT_NAME = "$(TARGET_NAME)";
				TEST_HOST = "$(BUILT_PRODUCTS_DIR)/Button Fun.app/Button Fun";
			};
			name = Debug;
		};
		6DB12EF71C0F0571003D38C3 /* Release */ = {
			isa = XCBuildConfiguration;
			buildSettings = {
				BUNDLE_LOADER = "$(TEST_HOST)";
				INFOPLIST_FILE = "Button FunTests/Info.plist";
				LD_RUNPATH_SEARCH_PATHS = "$(inherited) @executable_path/Frameworks @loader_path/Frameworks";
				PRODUCT_BUNDLE_IDENTIFIER = "com.ldj.Button-FunTests";
				PRODUCT_NAME = "$(TARGET_NAME)";
				TEST_HOST = "$(BUILT_PRODUCTS_DIR)/Button Fun.app/Button Fun";
			};
			name = Release;
		};
/* End XCBuildConfiguration section */

/* Begin XCConfigurationList section */
		6DB12ED01C0F0571003D38C3 /* Build configuration list for PBXProject "Button Fun" */ = {
			isa = XCConfigurationList;
			buildConfigurations = (
				6DB12EF01C0F0571003D38C3 /* Debug */,
				6DB12EF11C0F0571003D38C3 /* Release */,
			);
			defaultConfigurationIsVisible = 0;
			defaultConfigurationName = Release;
		};
		6DB12EF21C0F0571003D38C3 /* Build configuration list for PBXNativeTarget "Button Fun" */ = {
			isa = XCConfigurationList;
			buildConfigurations = (
				6DB12EF31C0F0571003D38C3 /* Debug */,
				6DB12EF41C0F0571003D38C3 /* Release */,
			);
			defaultConfigurationIsVisible = 0;
		};
		6DB12EF51C0F0571003D38C3 /* Build configuration list for PBXNativeTarget "Button FunTests" */ = {
			isa = XCConfigurationList;
			buildConfigurations = (
				6DB12EF61C0F0571003D38C3 /* Debug */,
				6DB12EF71C0F0571003D38C3 /* Release */,
			);
			defaultConfigurationIsVisible = 0;
		};
/* End XCConfigurationList section */
	};
	rootObject = 6DB12ECD1C0F0571003D38C3 /* Project object */;
}
